
Microsoft Visual Studio Solution File, Format Version 12.00
# Visual Studio 14
VisualStudioVersion = 14.0.25420.1
MinimumVisualStudioVersion = 10.0.40219.1
Project("{FAE04EC0-301F-11D3-BF4B-00C04F79EFBC}") = "Audio Broadcast", "Audio Broadcast\Audio Broadcast.csproj", "{B08820D3-AC64-497A-9C1C-A01D5928C478}"
EndProject
Project("{FAE04EC0-301F-11D3-BF4B-00C04F79EFBC}") = "Audio Clinet", "Audio Clinet\Audio Clinet.csproj", "{70E4AC7D-F322-4C80-BDCF-6B26A3A2B156}"
EndProject
Global
	GlobalSection(SolutionConfigurationPlatforms) = preSolution
		Debug|Any CPU = Debug|Any CPU
		Release|Any CPU = Release|Any CPU
	EndGlobalSection
	GlobalSection(ProjectConfigurationPlatforms) = postSolution
		{B08820D3-AC64-497A-9C1C-A01D5928C478}.Debug|Any CPU.ActiveCfg = Debug|Any CPU
		{B08820D3-AC64-497A-9C1C-A01D5928C478}.Debug|Any CPU.Build.0 = Debug|Any CPU
		{B08820D3-AC64-497A-9C1C-A01D5928C478}.Release|Any CPU.ActiveCfg = Release|Any CPU
		{B08820D3-AC64-497A-9C1C-A01D5928C478}.Release|Any CPU.Build.0 = Release|Any CPU
		{70E4AC7D-F322-4C80-BDCF-6B26A3A2B156}.Debug|Any CPU.ActiveCfg = Debug|Any CPU
		{70E4AC7D-F322-4C80-BDCF-6B26A3A2B156}.Debug|Any CPU.Build.0 = Debug|Any CPU
		{70E4AC7D-F322-4C80-BDCF-6B26A3A2B156}.Release|Any CPU.ActiveCfg = Release|Any CPU
		{70E4AC7D-F322-4C80-BDCF-6B26A3A2B156}.Release|Any CPU.Build.0 = Release|Any CPU
	EndGlobalSection
	GlobalSection(SolutionProperties) = preSolution
		HideSolutionNode = FALSE
	EndGlobalSection
EndGlobal
